
Microsoft Visual Studio Solution File, Format Version 12.00
# Visual Studio 2012
Project("{FAE04EC0-301F-11D3-BF4B-00C04F79EFBC}") = "AndroidSample", "AndroisSample\AndroidSample.csproj", "{799579C6-BBA2-44ED-BF6E-1D4561549D1C}"
EndProject
Global
	GlobalSection(SolutionConfigurationPlatforms) = preSolution
		Debug|Any CPU = Debug|Any CPU
		Release|Any CPU = Release|Any CPU
	EndGlobalSection
	GlobalSection(ProjectConfigurationPlatforms) = postSolution
		{799579C6-BBA2-44ED-BF6E-1D4561549D1C}.Debug|Any CPU.ActiveCfg = Debug|Any CPU
		{799579C6-BBA2-44ED-BF6E-1D4561549D1C}.Debug|Any CPU.Build.0 = Debug|Any CPU
		{799579C6-BBA2-44ED-BF6E-1D4561549D1C}.Release|Any CPU.ActiveCfg = Release|Any CPU
		{799579C6-BBA2-44ED-BF6E-1D4561549D1C}.Release|Any CPU.Build.0 = Release|Any CPU
	EndGlobalSection
EndGlobal
