
Microsoft Visual Studio Solution File, Format Version 12.00
# Visual Studio 2012
Project("{9344BDBB-3E7F-41FC-A0DD-8665D75EE146}") = "AndroidSample", "AndroidSample\AndroidSample.csproj", "{7867166E-D0E5-4493-B7AA-1FBBA6A253EE}"
EndProject
Global
	GlobalSection(SolutionConfigurationPlatforms) = preSolution
		Debug|Any CPU = Debug|Any CPU
		Release|Any CPU = Release|Any CPU
	EndGlobalSection
	GlobalSection(ProjectConfigurationPlatforms) = postSolution
		{7867166E-D0E5-4493-B7AA-1FBBA6A253EE}.Debug|Any CPU.ActiveCfg = Debug|Any CPU
		{7867166E-D0E5-4493-B7AA-1FBBA6A253EE}.Debug|Any CPU.Build.0 = Debug|Any CPU
		{7867166E-D0E5-4493-B7AA-1FBBA6A253EE}.Release|Any CPU.ActiveCfg = Release|Any CPU
		{7867166E-D0E5-4493-B7AA-1FBBA6A253EE}.Release|Any CPU.Build.0 = Release|Any CPU
	EndGlobalSection
EndGlobal
